
Microsoft Visual Studio Solution File, Format Version 12.00
# Visual Studio Version 17
VisualStudioVersion = 17.6.33829.357
MinimumVisualStudioVersion = 10.0.40219.1
Project("{FAE04EC0-301F-11D3-BF4B-00C04F79EFBC}") = "PR-21.102_Kulakova_2", "PR-21.102_Kulakova_2\PR-21.102_Kulakova_2.csproj", "{F1B5FB82-4478-44B8-B197-525BA549F9E3}"
EndProject
Global
	GlobalSection(SolutionConfigurationPlatforms) = preSolution
		Debug|Any CPU = Debug|Any CPU
		Release|Any CPU = Release|Any CPU
	EndGlobalSection
	GlobalSection(ProjectConfigurationPlatforms) = postSolution
		{F1B5FB82-4478-44B8-B197-525BA549F9E3}.Debug|Any CPU.ActiveCfg = Debug|Any CPU
		{F1B5FB82-4478-44B8-B197-525BA549F9E3}.Debug|Any CPU.Build.0 = Debug|Any CPU
		{F1B5FB82-4478-44B8-B197-525BA549F9E3}.Release|Any CPU.ActiveCfg = Release|Any CPU
		{F1B5FB82-4478-44B8-B197-525BA549F9E3}.Release|Any CPU.Build.0 = Release|Any CPU
	EndGlobalSection
	GlobalSection(SolutionProperties) = preSolution
		HideSolutionNode = FALSE
	EndGlobalSection
	GlobalSection(ExtensibilityGlobals) = postSolution
		SolutionGuid = {2DF9E72C-46C9-43AB-9304-F811F68A98B2}
	EndGlobalSection
EndGlobal
